
Microsoft Visual Studio Solution File, Format Version 11.00
# Visual Studio 2010
Project("{FAE04EC0-301F-11D3-BF4B-00C04F79EFBC}") = "Assembly-CSharp", "Assembly-CSharp.csproj", "{14d9ac99-1dac-ee94-0b97-d65d28dc46e9}"
EndProject
Project("{FAE04EC0-301F-11D3-BF4B-00C04F79EFBC}") = "Assembly-CSharp-firstpass", "Assembly-CSharp-firstpass.csproj", "{870d31f3-d293-9740-760c-3fa523e01248}"
EndProject
Project("{FAE04EC0-301F-11D3-BF4B-00C04F79EFBC}") = "Assembly-CSharp-Editor-firstpass", "Assembly-CSharp-Editor-firstpass.csproj", "{ce9968f5-ed3e-b3e6-7841-93c4f7b8b4ae}"
EndProject
Project("{FAE04EC0-301F-11D3-BF4B-00C04F79EFBC}") = "Assembly-CSharp-Editor", "Assembly-CSharp-Editor.csproj", "{f937af4b-d0a8-54cb-9c6a-02dd9d34d1cf}"
EndProject
Global
	GlobalSection(SolutionConfigurationPlatforms) = preSolution
		Debug|Any CPU = Debug|Any CPU
	EndGlobalSection
	GlobalSection(ProjectConfigurationPlatforms) = postSolution
		{14d9ac99-1dac-ee94-0b97-d65d28dc46e9}.Debug|Any CPU.ActiveCfg = Debug|Any CPU
		{14d9ac99-1dac-ee94-0b97-d65d28dc46e9}.Debug|Any CPU.Build.0 = Debug|Any CPU
		{870d31f3-d293-9740-760c-3fa523e01248}.Debug|Any CPU.ActiveCfg = Debug|Any CPU
		{870d31f3-d293-9740-760c-3fa523e01248}.Debug|Any CPU.Build.0 = Debug|Any CPU
		{ce9968f5-ed3e-b3e6-7841-93c4f7b8b4ae}.Debug|Any CPU.ActiveCfg = Debug|Any CPU
		{ce9968f5-ed3e-b3e6-7841-93c4f7b8b4ae}.Debug|Any CPU.Build.0 = Debug|Any CPU
		{f937af4b-d0a8-54cb-9c6a-02dd9d34d1cf}.Debug|Any CPU.ActiveCfg = Debug|Any CPU
		{f937af4b-d0a8-54cb-9c6a-02dd9d34d1cf}.Debug|Any CPU.Build.0 = Debug|Any CPU
	EndGlobalSection
	GlobalSection(SolutionProperties) = preSolution
		HideSolutionNode = FALSE
	EndGlobalSection
EndGlobal
